
Microsoft Visual Studio Solution File, Format Version 12.00
# Visual Studio Version 17
VisualStudioVersion = 17.9.34622.214
MinimumVisualStudioVersion = 10.0.40219.1
Project("{9A19103F-16F7-4668-BE54-9A1E7A4F7556}") = "Api_Core_Alquileres", "Api_Core_Alquileres\Api_Core_Alquileres.csproj", "{EFBA0765-554D-4D61-B8E4-3EEA382C6E1B}"
EndProject
Project("{FAE04EC0-301F-11D3-BF4B-00C04F79EFBC}") = "AUTHORIZATION", "AUTHORIZATION\AUTHORIZATION.csproj", "{9857562C-0361-45CA-98BD-F3D6CEA0BF7E}"
EndProject
Project("{FAE04EC0-301F-11D3-BF4B-00C04F79EFBC}") = "DATAACCESS", "DATAACCESS\DATAACCESS.csproj", "{EDCE0112-6FBE-4B3D-BCEE-FFC8B9660AD8}"
EndProject
Project("{FAE04EC0-301F-11D3-BF4B-00C04F79EFBC}") = "ENTITIES", "ENTITIES\ENTITIES.csproj", "{E64D7E1E-1AED-4B9F-9CAF-D10A07013483}"
EndProject
Project("{FAE04EC0-301F-11D3-BF4B-00C04F79EFBC}") = "LOGGER", "LOGGER\LOGGER.csproj", "{24ADDDC8-7A62-4CEF-B857-09E9E8CCB14E}"
EndProject
Project("{FAE04EC0-301F-11D3-BF4B-00C04F79EFBC}") = "SECRYPT", "SECRYPT\SECRYPT.csproj", "{A75D494E-109B-4CCE-B241-CF4AED1D27F5}"
EndProject
Project("{FAE04EC0-301F-11D3-BF4B-00C04F79EFBC}") = "BUSSINESS", "BUSSINESS\BUSSINESS.csproj", "{F7A379E7-9142-492F-B0F3-521E25A4A346}"
EndProject
Project("{FAE04EC0-301F-11D3-BF4B-00C04F79EFBC}") = "DATABASE", "DATABASE\DATABASE.csproj", "{D3C3EC44-99D1-4099-8D4B-169B63C8EF97}"
EndProject
Project("{FAE04EC0-301F-11D3-BF4B-00C04F79EFBC}") = "SERVICES", "SERVICES\SERVICES.csproj", "{F78F8AC6-6591-40BD-B0CE-A510D4768850}"
EndProject
Project("{2150E333-8FDC-42A3-9474-1A3956D46DE8}") = "dll", "dll", "{9EFF04CA-A1DC-4642-8E5A-44830468EFEF}"
	ProjectSection(SolutionItems) = preProject
		Class11.cs = Class11.cs
	EndProjectSection
EndProject
Global
	GlobalSection(SolutionConfigurationPlatforms) = preSolution
		Debug|Any CPU = Debug|Any CPU
		Release|Any CPU = Release|Any CPU
	EndGlobalSection
	GlobalSection(ProjectConfigurationPlatforms) = postSolution
		{EFBA0765-554D-4D61-B8E4-3EEA382C6E1B}.Debug|Any CPU.ActiveCfg = Debug|Any CPU
		{EFBA0765-554D-4D61-B8E4-3EEA382C6E1B}.Debug|Any CPU.Build.0 = Debug|Any CPU
		{EFBA0765-554D-4D61-B8E4-3EEA382C6E1B}.Release|Any CPU.ActiveCfg = Release|Any CPU
		{EFBA0765-554D-4D61-B8E4-3EEA382C6E1B}.Release|Any CPU.Build.0 = Release|Any CPU
		{9857562C-0361-45CA-98BD-F3D6CEA0BF7E}.Debug|Any CPU.ActiveCfg = Debug|Any CPU
		{9857562C-0361-45CA-98BD-F3D6CEA0BF7E}.Debug|Any CPU.Build.0 = Debug|Any CPU
		{9857562C-0361-45CA-98BD-F3D6CEA0BF7E}.Release|Any CPU.ActiveCfg = Release|Any CPU
		{9857562C-0361-45CA-98BD-F3D6CEA0BF7E}.Release|Any CPU.Build.0 = Release|Any CPU
		{EDCE0112-6FBE-4B3D-BCEE-FFC8B9660AD8}.Debug|Any CPU.ActiveCfg = Debug|Any CPU
		{EDCE0112-6FBE-4B3D-BCEE-FFC8B9660AD8}.Debug|Any CPU.Build.0 = Debug|Any CPU
		{EDCE0112-6FBE-4B3D-BCEE-FFC8B9660AD8}.Release|Any CPU.ActiveCfg = Release|Any CPU
		{EDCE0112-6FBE-4B3D-BCEE-FFC8B9660AD8}.Release|Any CPU.Build.0 = Release|Any CPU
		{E64D7E1E-1AED-4B9F-9CAF-D10A07013483}.Debug|Any CPU.ActiveCfg = Debug|Any CPU
		{E64D7E1E-1AED-4B9F-9CAF-D10A07013483}.Debug|Any CPU.Build.0 = Debug|Any CPU
		{E64D7E1E-1AED-4B9F-9CAF-D10A07013483}.Release|Any CPU.ActiveCfg = Release|Any CPU
		{E64D7E1E-1AED-4B9F-9CAF-D10A07013483}.Release|Any CPU.Build.0 = Release|Any CPU
		{24ADDDC8-7A62-4CEF-B857-09E9E8CCB14E}.Debug|Any CPU.ActiveCfg = Debug|Any CPU
		{24ADDDC8-7A62-4CEF-B857-09E9E8CCB14E}.Debug|Any CPU.Build.0 = Debug|Any CPU
		{24ADDDC8-7A62-4CEF-B857-09E9E8CCB14E}.Release|Any CPU.ActiveCfg = Release|Any CPU
		{24ADDDC8-7A62-4CEF-B857-09E9E8CCB14E}.Release|Any CPU.Build.0 = Release|Any CPU
		{A75D494E-109B-4CCE-B241-CF4AED1D27F5}.Debug|Any CPU.ActiveCfg = Debug|Any CPU
		{A75D494E-109B-4CCE-B241-CF4AED1D27F5}.Debug|Any CPU.Build.0 = Debug|Any CPU
		{A75D494E-109B-4CCE-B241-CF4AED1D27F5}.Release|Any CPU.ActiveCfg = Release|Any CPU
		{A75D494E-109B-4CCE-B241-CF4AED1D27F5}.Release|Any CPU.Build.0 = Release|Any CPU
		{F7A379E7-9142-492F-B0F3-521E25A4A346}.Debug|Any CPU.ActiveCfg = Debug|Any CPU
		{F7A379E7-9142-492F-B0F3-521E25A4A346}.Debug|Any CPU.Build.0 = Debug|Any CPU
		{F7A379E7-9142-492F-B0F3-521E25A4A346}.Release|Any CPU.ActiveCfg = Release|Any CPU
		{F7A379E7-9142-492F-B0F3-521E25A4A346}.Release|Any CPU.Build.0 = Release|Any CPU
		{D3C3EC44-99D1-4099-8D4B-169B63C8EF97}.Debug|Any CPU.ActiveCfg = Debug|Any CPU
		{D3C3EC44-99D1-4099-8D4B-169B63C8EF97}.Debug|Any CPU.Build.0 = Debug|Any CPU
		{D3C3EC44-99D1-4099-8D4B-169B63C8EF97}.Release|Any CPU.ActiveCfg = Release|Any CPU
		{D3C3EC44-99D1-4099-8D4B-169B63C8EF97}.Release|Any CPU.Build.0 = Release|Any CPU
		{F78F8AC6-6591-40BD-B0CE-A510D4768850}.Debug|Any CPU.ActiveCfg = Debug|Any CPU
		{F78F8AC6-6591-40BD-B0CE-A510D4768850}.Debug|Any CPU.Build.0 = Debug|Any CPU
		{F78F8AC6-6591-40BD-B0CE-A510D4768850}.Release|Any CPU.ActiveCfg = Release|Any CPU
		{F78F8AC6-6591-40BD-B0CE-A510D4768850}.Release|Any CPU.Build.0 = Release|Any CPU
	EndGlobalSection
	GlobalSection(SolutionProperties) = preSolution
		HideSolutionNode = FALSE
	EndGlobalSection
	GlobalSection(ExtensibilityGlobals) = postSolution
		SolutionGuid = {8BF8406D-E99F-46FE-A3F2-9AD9F550471C}
	EndGlobalSection
EndGlobal
